
Microsoft Visual Studio Solution File, Format Version 12.00
# Visual Studio Version 17
VisualStudioVersion = 17.2.32630.192
MinimumVisualStudioVersion = 10.0.40219.1
Project("{2150E333-8FDC-42A3-9474-1A3956D46DE8}") = "Solution Items", "Solution Items", "{C0F119E7-FE18-4C7E-9A8D-3B3701AA9BBA}"
	ProjectSection(SolutionItems) = preProject
		README.MD = README.MD
	EndProjectSection
EndProject
Project("{2150E333-8FDC-42A3-9474-1A3956D46DE8}") = "src", "src", "{33C9082D-0BA9-444B-8B77-FCF1B765AF6A}"
EndProject
Project("{FAE04EC0-301F-11D3-BF4B-00C04F79EFBC}") = "CommuPoint.Core", "CommuPoint.Core\CommuPoint.Core.csproj", "{8C22FFED-85C4-4BE9-85E1-4C3F43784E17}"
EndProject
Project("{FAE04EC0-301F-11D3-BF4B-00C04F79EFBC}") = "CommuPoint.Persistence", "CommuPoint.Persistence\CommuPoint.Persistence.csproj", "{C26928AE-D9BF-410D-94FF-939A86A7244E}"
EndProject
Project("{FAE04EC0-301F-11D3-BF4B-00C04F79EFBC}") = "CommuPoint.Business", "CommuPoint.Business\CommuPoint.Business.csproj", "{36D60C8D-17F0-45B0-86D5-055154335CFD}"
EndProject
Project("{FAE04EC0-301F-11D3-BF4B-00C04F79EFBC}") = "CommuPoint.Common", "CommuPoint.Common\CommuPoint.Common.csproj", "{768B2923-9C2C-4E12-B8C1-D2D04265E27D}"
EndProject
Project("{FAE04EC0-301F-11D3-BF4B-00C04F79EFBC}") = "CommuPoint.MVC", "CommuPoint.MVC\CommuPoint.MVC.csproj", "{908C659C-D70B-4497-8E85-8A80B07570CB}"
EndProject
Global
	GlobalSection(SolutionConfigurationPlatforms) = preSolution
		Debug|Any CPU = Debug|Any CPU
		Release|Any CPU = Release|Any CPU
	EndGlobalSection
	GlobalSection(ProjectConfigurationPlatforms) = postSolution
		{8C22FFED-85C4-4BE9-85E1-4C3F43784E17}.Debug|Any CPU.ActiveCfg = Debug|Any CPU
		{8C22FFED-85C4-4BE9-85E1-4C3F43784E17}.Debug|Any CPU.Build.0 = Debug|Any CPU
		{8C22FFED-85C4-4BE9-85E1-4C3F43784E17}.Release|Any CPU.ActiveCfg = Release|Any CPU
		{8C22FFED-85C4-4BE9-85E1-4C3F43784E17}.Release|Any CPU.Build.0 = Release|Any CPU
		{C26928AE-D9BF-410D-94FF-939A86A7244E}.Debug|Any CPU.ActiveCfg = Debug|Any CPU
		{C26928AE-D9BF-410D-94FF-939A86A7244E}.Debug|Any CPU.Build.0 = Debug|Any CPU
		{C26928AE-D9BF-410D-94FF-939A86A7244E}.Release|Any CPU.ActiveCfg = Release|Any CPU
		{C26928AE-D9BF-410D-94FF-939A86A7244E}.Release|Any CPU.Build.0 = Release|Any CPU
		{36D60C8D-17F0-45B0-86D5-055154335CFD}.Debug|Any CPU.ActiveCfg = Debug|Any CPU
		{36D60C8D-17F0-45B0-86D5-055154335CFD}.Debug|Any CPU.Build.0 = Debug|Any CPU
		{36D60C8D-17F0-45B0-86D5-055154335CFD}.Release|Any CPU.ActiveCfg = Release|Any CPU
		{36D60C8D-17F0-45B0-86D5-055154335CFD}.Release|Any CPU.Build.0 = Release|Any CPU
		{768B2923-9C2C-4E12-B8C1-D2D04265E27D}.Debug|Any CPU.ActiveCfg = Debug|Any CPU
		{768B2923-9C2C-4E12-B8C1-D2D04265E27D}.Debug|Any CPU.Build.0 = Debug|Any CPU
		{768B2923-9C2C-4E12-B8C1-D2D04265E27D}.Release|Any CPU.ActiveCfg = Release|Any CPU
		{768B2923-9C2C-4E12-B8C1-D2D04265E27D}.Release|Any CPU.Build.0 = Release|Any CPU
		{908C659C-D70B-4497-8E85-8A80B07570CB}.Debug|Any CPU.ActiveCfg = Debug|Any CPU
		{908C659C-D70B-4497-8E85-8A80B07570CB}.Debug|Any CPU.Build.0 = Debug|Any CPU
		{908C659C-D70B-4497-8E85-8A80B07570CB}.Release|Any CPU.ActiveCfg = Release|Any CPU
		{908C659C-D70B-4497-8E85-8A80B07570CB}.Release|Any CPU.Build.0 = Release|Any CPU
	EndGlobalSection
	GlobalSection(SolutionProperties) = preSolution
		HideSolutionNode = FALSE
	EndGlobalSection
	GlobalSection(NestedProjects) = preSolution
		{8C22FFED-85C4-4BE9-85E1-4C3F43784E17} = {33C9082D-0BA9-444B-8B77-FCF1B765AF6A}
		{C26928AE-D9BF-410D-94FF-939A86A7244E} = {33C9082D-0BA9-444B-8B77-FCF1B765AF6A}
		{36D60C8D-17F0-45B0-86D5-055154335CFD} = {33C9082D-0BA9-444B-8B77-FCF1B765AF6A}
		{768B2923-9C2C-4E12-B8C1-D2D04265E27D} = {33C9082D-0BA9-444B-8B77-FCF1B765AF6A}
		{908C659C-D70B-4497-8E85-8A80B07570CB} = {33C9082D-0BA9-444B-8B77-FCF1B765AF6A}
	EndGlobalSection
	GlobalSection(ExtensibilityGlobals) = postSolution
		SolutionGuid = {727F0D33-60CB-4485-966A-8ED0E00B5EFB}
	EndGlobalSection
EndGlobal
